
Microsoft Visual Studio Solution File, Format Version 12.00
# Visual Studio Version 16
VisualStudioVersion = 16.0.31019.35
MinimumVisualStudioVersion = 10.0.40219.1
Project("{9A19103F-16F7-4668-BE54-9A1E7A4F7556}") = "Task13", "Task13.csproj", "{4859871C-803B-4FF7-A882-E697A5B309C2}"
EndProject
Project("{9A19103F-16F7-4668-BE54-9A1E7A4F7556}") = "Tests.UI", "..\Tests.UI\Tests.UI.csproj", "{FEA2562F-7D00-4A6C-A819-A6D0216426F3}"
	ProjectSection(ProjectDependencies) = postProject
		{4859871C-803B-4FF7-A882-E697A5B309C2} = {4859871C-803B-4FF7-A882-E697A5B309C2}
	EndProjectSection
EndProject
Global
	GlobalSection(SolutionConfigurationPlatforms) = preSolution
		Debug|Any CPU = Debug|Any CPU
		Release|Any CPU = Release|Any CPU
	EndGlobalSection
	GlobalSection(ProjectConfigurationPlatforms) = postSolution
		{4859871C-803B-4FF7-A882-E697A5B309C2}.Debug|Any CPU.ActiveCfg = Debug|Any CPU
		{4859871C-803B-4FF7-A882-E697A5B309C2}.Debug|Any CPU.Build.0 = Debug|Any CPU
		{4859871C-803B-4FF7-A882-E697A5B309C2}.Release|Any CPU.ActiveCfg = Release|Any CPU
		{4859871C-803B-4FF7-A882-E697A5B309C2}.Release|Any CPU.Build.0 = Release|Any CPU
		{FEA2562F-7D00-4A6C-A819-A6D0216426F3}.Debug|Any CPU.ActiveCfg = Debug|Any CPU
		{FEA2562F-7D00-4A6C-A819-A6D0216426F3}.Debug|Any CPU.Build.0 = Debug|Any CPU
		{FEA2562F-7D00-4A6C-A819-A6D0216426F3}.Release|Any CPU.ActiveCfg = Release|Any CPU
		{FEA2562F-7D00-4A6C-A819-A6D0216426F3}.Release|Any CPU.Build.0 = Release|Any CPU
	EndGlobalSection
	GlobalSection(SolutionProperties) = preSolution
		HideSolutionNode = FALSE
	EndGlobalSection
	GlobalSection(ExtensibilityGlobals) = postSolution
		SolutionGuid = {4B40C1D9-97C4-4714-B842-C749745B78A2}
	EndGlobalSection
EndGlobal
